
Microsoft Visual Studio Solution File, Format Version 12.00
# Visual Studio Version 17
VisualStudioVersion = 17.11.35312.102
MinimumVisualStudioVersion = 10.0.40219.1
Project("{FAE04EC0-301F-11D3-BF4B-00C04F79EFBC}") = "PE2-Git-Taak-1", "PE2-Git-Taak-1\PE2-Git-Taak-1.csproj", "{90375B5E-2937-4F77-9388-F7466B26AC0E}"
EndProject
Global
	GlobalSection(SolutionConfigurationPlatforms) = preSolution
		Debug|Any CPU = Debug|Any CPU
		Release|Any CPU = Release|Any CPU
	EndGlobalSection
	GlobalSection(ProjectConfigurationPlatforms) = postSolution
		{90375B5E-2937-4F77-9388-F7466B26AC0E}.Debug|Any CPU.ActiveCfg = Debug|Any CPU
		{90375B5E-2937-4F77-9388-F7466B26AC0E}.Debug|Any CPU.Build.0 = Debug|Any CPU
		{90375B5E-2937-4F77-9388-F7466B26AC0E}.Release|Any CPU.ActiveCfg = Release|Any CPU
		{90375B5E-2937-4F77-9388-F7466B26AC0E}.Release|Any CPU.Build.0 = Release|Any CPU
	EndGlobalSection
	GlobalSection(SolutionProperties) = preSolution
		HideSolutionNode = FALSE
	EndGlobalSection
	GlobalSection(ExtensibilityGlobals) = postSolution
		SolutionGuid = {4B013362-5DAF-4C8E-91AD-E06DAAB13336}
	EndGlobalSection
EndGlobal
